
Microsoft Visual Studio Solution File, Format Version 12.00
# Visual Studio Version 17
VisualStudioVersion = 17.10.35122.118
MinimumVisualStudioVersion = 10.0.40219.1
Project("{FAE04EC0-301F-11D3-BF4B-00C04F79EFBC}") = "CoffeList", "CoffeList\CoffeList.csproj", "{FF8857FC-FFB6-444E-A4D8-56BCA2CB141C}"
EndProject
Global
	GlobalSection(SolutionConfigurationPlatforms) = preSolution
		Debug|Any CPU = Debug|Any CPU
		Release|Any CPU = Release|Any CPU
	EndGlobalSection
	GlobalSection(ProjectConfigurationPlatforms) = postSolution
		{FF8857FC-FFB6-444E-A4D8-56BCA2CB141C}.Debug|Any CPU.ActiveCfg = Debug|Any CPU
		{FF8857FC-FFB6-444E-A4D8-56BCA2CB141C}.Debug|Any CPU.Build.0 = Debug|Any CPU
		{FF8857FC-FFB6-444E-A4D8-56BCA2CB141C}.Release|Any CPU.ActiveCfg = Release|Any CPU
		{FF8857FC-FFB6-444E-A4D8-56BCA2CB141C}.Release|Any CPU.Build.0 = Release|Any CPU
	EndGlobalSection
	GlobalSection(SolutionProperties) = preSolution
		HideSolutionNode = FALSE
	EndGlobalSection
	GlobalSection(ExtensibilityGlobals) = postSolution
		SolutionGuid = {86D1E04B-E348-4E0B-9ED4-1BDC2BCA9756}
	EndGlobalSection
EndGlobal
